{
  "requires": true,
  "lockfileVersion": 1,
  "dependencies": {
    "csv-parse": {
      "version": "1.2.1",
      "resolved": "https://registry.npmjs.org/csv-parse/-/csv-parse-1.2.1.tgz",
      "integrity": "sha1-kZnCPySQ2YxNmrKgFnsGknSYyd8="
    },
    "mustache": {
      "version": "2.3.0",
      "resolved": "https://registry.npmjs.org/mustache/-/mustache-2.3.0.tgz",
      "integrity": "sha1-QCj3d4sXcIpImTCm5SrDvKDaQdA="
    },
    "underscore": {
      "version": "1.8.3",
      "resolved": "https://registry.npmjs.org/underscore/-/underscore-1.8.3.tgz",
      "integrity": "sha1-Tz+1OxBuYJf8+ctBCfKl6b36UCI="
    }
  }
}
